
Microsoft Visual Studio Solution File, Format Version 12.00
# Visual Studio Version 16
VisualStudioVersion = 16.0.31105.61
MinimumVisualStudioVersion = 10.0.40219.1
Project("{FAE04EC0-301F-11D3-BF4B-00C04F79EFBC}") = "AdminPersonas", "AdminPersonas\AdminPersonas.csproj", "{5B197345-6B54-4188-997C-197D4317E582}"
EndProject
Project("{FAE04EC0-301F-11D3-BF4B-00C04F79EFBC}") = "AdminPersonasModel", "AdminPersonasModel\AdminPersonasModel.csproj", "{EE2EDFD3-D47E-4769-9A20-92DD7E0F9EF4}"
EndProject
Global
	GlobalSection(SolutionConfigurationPlatforms) = preSolution
		Debug|Any CPU = Debug|Any CPU
		Release|Any CPU = Release|Any CPU
	EndGlobalSection
	GlobalSection(ProjectConfigurationPlatforms) = postSolution
		{5B197345-6B54-4188-997C-197D4317E582}.Debug|Any CPU.ActiveCfg = Debug|Any CPU
		{5B197345-6B54-4188-997C-197D4317E582}.Debug|Any CPU.Build.0 = Debug|Any CPU
		{5B197345-6B54-4188-997C-197D4317E582}.Release|Any CPU.ActiveCfg = Release|Any CPU
		{5B197345-6B54-4188-997C-197D4317E582}.Release|Any CPU.Build.0 = Release|Any CPU
		{EE2EDFD3-D47E-4769-9A20-92DD7E0F9EF4}.Debug|Any CPU.ActiveCfg = Debug|Any CPU
		{EE2EDFD3-D47E-4769-9A20-92DD7E0F9EF4}.Debug|Any CPU.Build.0 = Debug|Any CPU
		{EE2EDFD3-D47E-4769-9A20-92DD7E0F9EF4}.Release|Any CPU.ActiveCfg = Release|Any CPU
		{EE2EDFD3-D47E-4769-9A20-92DD7E0F9EF4}.Release|Any CPU.Build.0 = Release|Any CPU
	EndGlobalSection
	GlobalSection(SolutionProperties) = preSolution
		HideSolutionNode = FALSE
	EndGlobalSection
	GlobalSection(ExtensibilityGlobals) = postSolution
		SolutionGuid = {2A4DF3E5-B60D-42A8-9D94-D8D72388BA1A}
	EndGlobalSection
EndGlobal
