
Microsoft Visual Studio Solution File, Format Version 12.00
# Visual Studio Version 16
VisualStudioVersion = 16.0.31105.61
MinimumVisualStudioVersion = 10.0.40219.1
Project("{FAE04EC0-301F-11D3-BF4B-00C04F79EFBC}") = "EventosWeb", "EventosWeb\EventosWeb.csproj", "{1F9E80F5-E84E-4B16-A8EB-C238766C37CE}"
EndProject
Project("{FAE04EC0-301F-11D3-BF4B-00C04F79EFBC}") = "EventosModel", "EventosModel\EventosModel.csproj", "{A263B4AC-D00D-47AD-806A-6DD168FEBB01}"
EndProject
Global
	GlobalSection(SolutionConfigurationPlatforms) = preSolution
		Debug|Any CPU = Debug|Any CPU
		Release|Any CPU = Release|Any CPU
	EndGlobalSection
	GlobalSection(ProjectConfigurationPlatforms) = postSolution
		{1F9E80F5-E84E-4B16-A8EB-C238766C37CE}.Debug|Any CPU.ActiveCfg = Debug|Any CPU
		{1F9E80F5-E84E-4B16-A8EB-C238766C37CE}.Debug|Any CPU.Build.0 = Debug|Any CPU
		{1F9E80F5-E84E-4B16-A8EB-C238766C37CE}.Release|Any CPU.ActiveCfg = Release|Any CPU
		{1F9E80F5-E84E-4B16-A8EB-C238766C37CE}.Release|Any CPU.Build.0 = Release|Any CPU
		{A263B4AC-D00D-47AD-806A-6DD168FEBB01}.Debug|Any CPU.ActiveCfg = Debug|Any CPU
		{A263B4AC-D00D-47AD-806A-6DD168FEBB01}.Debug|Any CPU.Build.0 = Debug|Any CPU
		{A263B4AC-D00D-47AD-806A-6DD168FEBB01}.Release|Any CPU.ActiveCfg = Release|Any CPU
		{A263B4AC-D00D-47AD-806A-6DD168FEBB01}.Release|Any CPU.Build.0 = Release|Any CPU
	EndGlobalSection
	GlobalSection(SolutionProperties) = preSolution
		HideSolutionNode = FALSE
	EndGlobalSection
	GlobalSection(ExtensibilityGlobals) = postSolution
		SolutionGuid = {BCAD1001-787F-48A1-A214-F25F054ED277}
	EndGlobalSection
EndGlobal
